
Microsoft Visual Studio Solution File, Format Version 12.00
# Visual Studio 15
VisualStudioVersion = 15.0.27703.2047
MinimumVisualStudioVersion = 10.0.40219.1
Project("{FAE04EC0-301F-11D3-BF4B-00C04F79EFBC}") = "CallCenterSample", "CallCenterSample\CallCenterSample.csproj", "{9A53D40F-D7B2-4DD1-BE58-F30EA41F386A}"
EndProject
Global
	GlobalSection(SolutionConfigurationPlatforms) = preSolution
		Debug|ARM = Debug|ARM
		Debug|x64 = Debug|x64
		Debug|x86 = Debug|x86
		Release|ARM = Release|ARM
		Release|x64 = Release|x64
		Release|x86 = Release|x86
	EndGlobalSection
	GlobalSection(ProjectConfigurationPlatforms) = postSolution
		{9A53D40F-D7B2-4DD1-BE58-F30EA41F386A}.Debug|ARM.ActiveCfg = Debug|ARM
		{9A53D40F-D7B2-4DD1-BE58-F30EA41F386A}.Debug|ARM.Build.0 = Debug|ARM
		{9A53D40F-D7B2-4DD1-BE58-F30EA41F386A}.Debug|ARM.Deploy.0 = Debug|ARM
		{9A53D40F-D7B2-4DD1-BE58-F30EA41F386A}.Debug|x64.ActiveCfg = Debug|x64
		{9A53D40F-D7B2-4DD1-BE58-F30EA41F386A}.Debug|x64.Build.0 = Debug|x64
		{9A53D40F-D7B2-4DD1-BE58-F30EA41F386A}.Debug|x64.Deploy.0 = Debug|x64
		{9A53D40F-D7B2-4DD1-BE58-F30EA41F386A}.Debug|x86.ActiveCfg = Debug|x86
		{9A53D40F-D7B2-4DD1-BE58-F30EA41F386A}.Debug|x86.Build.0 = Debug|x86
		{9A53D40F-D7B2-4DD1-BE58-F30EA41F386A}.Debug|x86.Deploy.0 = Debug|x86
		{9A53D40F-D7B2-4DD1-BE58-F30EA41F386A}.Release|ARM.ActiveCfg = Release|ARM
		{9A53D40F-D7B2-4DD1-BE58-F30EA41F386A}.Release|ARM.Build.0 = Release|ARM
		{9A53D40F-D7B2-4DD1-BE58-F30EA41F386A}.Release|ARM.Deploy.0 = Release|ARM
		{9A53D40F-D7B2-4DD1-BE58-F30EA41F386A}.Release|x64.ActiveCfg = Release|x64
		{9A53D40F-D7B2-4DD1-BE58-F30EA41F386A}.Release|x64.Build.0 = Release|x64
		{9A53D40F-D7B2-4DD1-BE58-F30EA41F386A}.Release|x64.Deploy.0 = Release|x64
		{9A53D40F-D7B2-4DD1-BE58-F30EA41F386A}.Release|x86.ActiveCfg = Release|x86
		{9A53D40F-D7B2-4DD1-BE58-F30EA41F386A}.Release|x86.Build.0 = Release|x86
		{9A53D40F-D7B2-4DD1-BE58-F30EA41F386A}.Release|x86.Deploy.0 = Release|x86
	EndGlobalSection
	GlobalSection(SolutionProperties) = preSolution
		HideSolutionNode = FALSE
	EndGlobalSection
	GlobalSection(ExtensibilityGlobals) = postSolution
		SolutionGuid = {362B61A7-391A-4479-8858-D31084EBEA30}
	EndGlobalSection
EndGlobal
